
Microsoft Visual Studio Solution File, Format Version 12.00
# Visual Studio Version 17
VisualStudioVersion = 17.7.34202.233
MinimumVisualStudioVersion = 10.0.40219.1
Project("{00D1A9C2-B5F0-4AF3-8072-F6C62B433612}") = "Pets", "Pets\Pets.sqlproj", "{039A2666-2DBD-46F7-8E4E-B55CF5BA788F}"
EndProject
Global
	GlobalSection(SolutionConfigurationPlatforms) = preSolution
		Debug|Any CPU = Debug|Any CPU
		Release|Any CPU = Release|Any CPU
	EndGlobalSection
	GlobalSection(ProjectConfigurationPlatforms) = postSolution
		{039A2666-2DBD-46F7-8E4E-B55CF5BA788F}.Debug|Any CPU.ActiveCfg = Debug|Any CPU
		{039A2666-2DBD-46F7-8E4E-B55CF5BA788F}.Debug|Any CPU.Build.0 = Debug|Any CPU
		{039A2666-2DBD-46F7-8E4E-B55CF5BA788F}.Debug|Any CPU.Deploy.0 = Debug|Any CPU
		{039A2666-2DBD-46F7-8E4E-B55CF5BA788F}.Release|Any CPU.ActiveCfg = Release|Any CPU
		{039A2666-2DBD-46F7-8E4E-B55CF5BA788F}.Release|Any CPU.Build.0 = Release|Any CPU
		{039A2666-2DBD-46F7-8E4E-B55CF5BA788F}.Release|Any CPU.Deploy.0 = Release|Any CPU
	EndGlobalSection
	GlobalSection(SolutionProperties) = preSolution
		HideSolutionNode = FALSE
	EndGlobalSection
	GlobalSection(ExtensibilityGlobals) = postSolution
		SolutionGuid = {C55F3FE5-5480-4BA2-AD0E-E2C5466031B5}
	EndGlobalSection
EndGlobal
